
Microsoft Visual Studio Solution File, Format Version 12.00
# Visual Studio Version 16
VisualStudioVersion = 16.0.31019.35
MinimumVisualStudioVersion = 10.0.40219.1
Project("{FAE04EC0-301F-11D3-BF4B-00C04F79EFBC}") = "prjChess", "prjChess\prjChess.csproj", "{EF74FBC4-E3D5-47A8-A5D9-E71B677CC3E8}"
EndProject
Project("{2150E333-8FDC-42A3-9474-1A3956D46DE8}") = "Solution Items", "Solution Items", "{66C698CC-1A8B-4B2F-8EA9-835DC5F045E7}"
	ProjectSection(SolutionItems) = preProject
		knightTour.cs = knightTour.cs
		kT2.cs = kT2.cs
		nqueens_tmp.cs = nqueens_tmp.cs
		tmp2.cs = tmp2.cs
	EndProjectSection
EndProject
Global
	GlobalSection(SolutionConfigurationPlatforms) = preSolution
		Debug|Any CPU = Debug|Any CPU
		Release|Any CPU = Release|Any CPU
	EndGlobalSection
	GlobalSection(ProjectConfigurationPlatforms) = postSolution
		{EF74FBC4-E3D5-47A8-A5D9-E71B677CC3E8}.Debug|Any CPU.ActiveCfg = Debug|Any CPU
		{EF74FBC4-E3D5-47A8-A5D9-E71B677CC3E8}.Debug|Any CPU.Build.0 = Debug|Any CPU
		{EF74FBC4-E3D5-47A8-A5D9-E71B677CC3E8}.Release|Any CPU.ActiveCfg = Release|Any CPU
		{EF74FBC4-E3D5-47A8-A5D9-E71B677CC3E8}.Release|Any CPU.Build.0 = Release|Any CPU
	EndGlobalSection
	GlobalSection(SolutionProperties) = preSolution
		HideSolutionNode = FALSE
	EndGlobalSection
	GlobalSection(ExtensibilityGlobals) = postSolution
		SolutionGuid = {2CD99068-DB74-4CF8-A14E-7250FFE5E9D3}
	EndGlobalSection
EndGlobal
